
Microsoft Visual Studio Solution File, Format Version 12.00
# Visual Studio Version 16
VisualStudioVersion = 16.0.31613.86
MinimumVisualStudioVersion = 10.0.40219.1
Project("{9A19103F-16F7-4668-BE54-9A1E7A4F7556}") = "MarsQA1", "MarsQA1_Feature\MarsQA1.csproj", "{274877D4-B61F-48CC-B3DD-123799BBC53D}"
EndProject
Global
	GlobalSection(SolutionConfigurationPlatforms) = preSolution
		Debug|Any CPU = Debug|Any CPU
		Release|Any CPU = Release|Any CPU
	EndGlobalSection
	GlobalSection(ProjectConfigurationPlatforms) = postSolution
		{274877D4-B61F-48CC-B3DD-123799BBC53D}.Debug|Any CPU.ActiveCfg = Debug|Any CPU
		{274877D4-B61F-48CC-B3DD-123799BBC53D}.Debug|Any CPU.Build.0 = Debug|Any CPU
		{274877D4-B61F-48CC-B3DD-123799BBC53D}.Release|Any CPU.ActiveCfg = Release|Any CPU
		{274877D4-B61F-48CC-B3DD-123799BBC53D}.Release|Any CPU.Build.0 = Release|Any CPU
	EndGlobalSection
	GlobalSection(SolutionProperties) = preSolution
		HideSolutionNode = FALSE
	EndGlobalSection
	GlobalSection(ExtensibilityGlobals) = postSolution
		SolutionGuid = {AA7541BB-11A9-4998-8960-BD05E275B01C}
	EndGlobalSection
EndGlobal
